
Microsoft Visual Studio Solution File, Format Version 12.00
# Visual Studio Version 16
VisualStudioVersion = 16.0.29215.179
MinimumVisualStudioVersion = 10.0.40219.1
Project("{FAE04EC0-301F-11D3-BF4B-00C04F79EFBC}") = "Spice", "Spice\Spice.csproj", "{C7CD38D5-F352-4575-9AD6-C00D1324899A}"
EndProject
Global
	GlobalSection(SolutionConfigurationPlatforms) = preSolution
		Debug|Any CPU = Debug|Any CPU
		Release|Any CPU = Release|Any CPU
	EndGlobalSection
	GlobalSection(ProjectConfigurationPlatforms) = postSolution
		{C7CD38D5-F352-4575-9AD6-C00D1324899A}.Debug|Any CPU.ActiveCfg = Debug|Any CPU
		{C7CD38D5-F352-4575-9AD6-C00D1324899A}.Debug|Any CPU.Build.0 = Debug|Any CPU
		{C7CD38D5-F352-4575-9AD6-C00D1324899A}.Release|Any CPU.ActiveCfg = Release|Any CPU
		{C7CD38D5-F352-4575-9AD6-C00D1324899A}.Release|Any CPU.Build.0 = Release|Any CPU
	EndGlobalSection
	GlobalSection(SolutionProperties) = preSolution
		HideSolutionNode = FALSE
	EndGlobalSection
	GlobalSection(ExtensibilityGlobals) = postSolution
		SolutionGuid = {9175EB8A-024F-45AB-99AB-878B1CC3CE9C}
	EndGlobalSection
EndGlobal
